
Microsoft Visual Studio Solution File, Format Version 12.00
# Visual Studio Version 16
VisualStudioVersion = 16.0.30907.101
MinimumVisualStudioVersion = 10.0.40219.1
Project("{FAE04EC0-301F-11D3-BF4B-00C04F79EFBC}") = "DotNetMvc", "DotNetMvc\DotNetMvc.csproj", "{6BE78E23-AA6B-423B-8CE0-B91A27222B25}"
EndProject
Global
	GlobalSection(SolutionConfigurationPlatforms) = preSolution
		Debug|Any CPU = Debug|Any CPU
		Release|Any CPU = Release|Any CPU
	EndGlobalSection
	GlobalSection(ProjectConfigurationPlatforms) = postSolution
		{6BE78E23-AA6B-423B-8CE0-B91A27222B25}.Debug|Any CPU.ActiveCfg = Debug|Any CPU
		{6BE78E23-AA6B-423B-8CE0-B91A27222B25}.Debug|Any CPU.Build.0 = Debug|Any CPU
		{6BE78E23-AA6B-423B-8CE0-B91A27222B25}.Release|Any CPU.ActiveCfg = Release|Any CPU
		{6BE78E23-AA6B-423B-8CE0-B91A27222B25}.Release|Any CPU.Build.0 = Release|Any CPU
	EndGlobalSection
	GlobalSection(SolutionProperties) = preSolution
		HideSolutionNode = FALSE
	EndGlobalSection
	GlobalSection(ExtensibilityGlobals) = postSolution
		SolutionGuid = {54A402A2-6AF9-421B-9516-10F5F5BF8BAD}
	EndGlobalSection
EndGlobal
